// !$*UTF8*$!
{
	archiveVersion = 1;
	classes = {
	};
	objectVersion = 50;
	objects = {

/* Begin PBXBuildFile section */
		AFE6903525C7DEE20032145C /* AppDelegate.swift in Sources */ = {isa = PBXBuildFile; fileRef = AFE6903425C7DEE20032145C /* AppDelegate.swift */; };
		AFE6903725C7DEE20032145C /* SceneDelegate.swift in Sources */ = {isa = PBXBuildFile; fileRef = AFE6903625C7DEE20032145C /* SceneDelegate.swift */; };
		AFE6903925C7DEE20032145C /* ViewController.swift in Sources */ = {isa = PBXBuildFile; fileRef = AFE6903825C7DEE20032145C /* ViewController.swift */; };
		AFE6903C25C7DEE20032145C /* Main.storyboard in Resources */ = {isa = PBXBuildFile; fileRef = AFE6903A25C7DEE20032145C /* Main.storyboard */; };
		AFE6903E25C7DEE80032145C /* Assets.xcassets in Resources */ = {isa = PBXBuildFile; fileRef = AFE6903D25C7DEE80032145C /* Assets.xcassets */; };
		AFE6904125C7DEE80032145C /* LaunchScreen.storyboard in Resources */ = {isa = PBXBuildFile; fileRef = AFE6903F25C7DEE80032145C /* LaunchScreen.storyboard */; };
		AFE6904A25C7EF5E0032145C /* SettingsTableViewCell.swift in Sources */ = {isa = PBXBuildFile; fileRef = AFE6904925C7EF5D0032145C /* SettingsTableViewCell.swift */; };
/* End PBXBuildFile section */

/* Begin PBXFileReference section */
		AFE6903125C7DEE20032145C /* SettingsApp.app */ = {isa = PBXFileReference; explicitFileType = wrapper.application; includeInIndex = 0; path = SettingsApp.app; sourceTree = BUILT_PRODUCTS_DIR; };
		AFE6903425C7DEE20032145C /* AppDelegate.swift */ = {isa = PBXFileReference; lastKnownFileType = sourcecode.swift; path = AppDelegate.swift; sourceTree = "<group>"; };
		AFE6903625C7DEE20032145C /* SceneDelegate.swift */ = {isa = PBXFileReference; lastKnownFileType = sourcecode.swift; path = SceneDelegate.swift; sourceTree = "<group>"; };
		AFE6903825C7DEE20032145C /* ViewController.swift */ = {isa = PBXFileReference; lastKnownFileType = sourcecode.swift; path = ViewController.swift; sourceTree = "<group>"; };
		AFE6903B25C7DEE20032145C /* Base */ = {isa = PBXFileReference; lastKnownFileType = file.storyboard; name = Base; path = Base.lproj/Main.storyboard; sourceTree = "<group>"; };
		AFE6903D25C7DEE80032145C /* Assets.xcassets */ = {isa = PBXFileReference; lastKnownFileType = folder.assetcatalog; path = Assets.xcassets; sourceTree = "<group>"; };
		AFE6904025C7DEE80032145C /* Base */ = {isa = PBXFileReference; lastKnownFileType = file.storyboard; name = Base; path = Base.lproj/LaunchScreen.storyboard; sourceTree = "<group>"; };
		AFE6904225C7DEE80032145C /* Info.plist */ = {isa = PBXFileReference; lastKnownFileType = text.plist.xml; path = Info.plist; sourceTree = "<group>"; };
		AFE6904925C7EF5D0032145C /* SettingsTableViewCell.swift */ = {isa = PBXFileReference; lastKnownFileType = sourcecode.swift; path = SettingsTableViewCell.swift; sourceTree = "<group>"; };
/* End PBXFileReference section */

/* Begin PBXFrameworksBuildPhase section */
		AFE6902E25C7DEE10032145C /* Frameworks */ = {
			isa = PBXFrameworksBuildPhase;
			buildActionMask = 2147483647;
			files = (
			);
			runOnlyForDeploymentPostprocessing = 0;
		};
/* End PBXFrameworksBuildPhase section */

/* Begin PBXGroup section */
		AFE6902825C7DEE10032145C = {
			isa = PBXGroup;
			children = (
				AFE6903325C7DEE20032145C /* SettingsApp */,
				AFE6903225C7DEE20032145C /* Products */,
			);
			sourceTree = "<group>";
		};
		AFE6903225C7DEE20032145C /* Products */ = {
			isa = PBXGroup;
			children = (
				AFE6903125C7DEE20032145C /* SettingsApp.app */,
			);
			name = Products;
			sourceTree = "<group>";
		};
		AFE6903325C7DEE20032145C /* SettingsApp */ = {
			isa = PBXGroup;
			children = (
				AFE6903425C7DEE20032145C /* AppDelegate.swift */,
				AFE6903625C7DEE20032145C /* SceneDelegate.swift */,
				AFE6903825C7DEE20032145C /* ViewController.swift */,
				AFE6903A25C7DEE20032145C /* Main.storyboard */,
				AFE6903D25C7DEE80032145C /* Assets.xcassets */,
				AFE6903F25C7DEE80032145C /* LaunchScreen.storyboard */,
				AFE6904225C7DEE80032145C /* Info.plist */,
				AFE6904925C7EF5D0032145C /* SettingsTableViewCell.swift */,
			);
			path = SettingsApp;
			sourceTree = "<group>";
		};
/* End PBXGroup section */

/* Begin PBXNativeTarget section */
		AFE6903025C7DEE10032145C /* SettingsApp */ = {
			isa = PBXNativeTarget;
			buildConfigurationList = AFE6904525C7DEE80032145C /* Build configuration list for PBXNativeTarget "SettingsApp" */;
			buildPhases = (
				AFE6902D25C7DEE10032145C /* Sources */,
				AFE6902E25C7DEE10032145C /* Frameworks */,
				AFE6902F25C7DEE10032145C /* Resources */,
			);
			buildRules = (
			);
			dependencies = (
			);
			name = SettingsApp;
			productName = SettingsApp;
			productReference = AFE6903125C7DEE20032145C /* SettingsApp.app */;
			productType = "com.apple.product-type.application";
		};
/* End PBXNativeTarget section */

/* Begin PBXProject section */
		AFE6902925C7DEE10032145C /* Project object */ = {
			isa = PBXProject;
			attributes = {
				LastSwiftUpdateCheck = 1240;
				LastUpgradeCheck = 1240;
				TargetAttributes = {
					AFE6903025C7DEE10032145C = {
						CreatedOnToolsVersion = 12.4;
					};
				};
			};
			buildConfigurationList = AFE6902C25C7DEE10032145C /* Build configuration list for PBXProject "SettingsApp" */;
			compatibilityVersion = "Xcode 9.3";
			developmentRegion = en;
			hasScannedForEncodings = 0;
			knownRegions = (
				en,
				Base,
			);
			mainGroup = AFE6902825C7DEE10032145C;
			productRefGroup = AFE6903225C7DEE20032145C /* Products */;
			projectDirPath = "";
			projectRoot = "";
			targets = (
				AFE6903025C7DEE10032145C /* SettingsApp */,
			);
		};
/* End PBXProject section */

/* Begin PBXResourcesBuildPhase section */
		AFE6902F25C7DEE10032145C /* Resources */ = {
			isa = PBXResourcesBuildPhase;
			buildActionMask = 2147483647;
			files = (
				AFE6904125C7DEE80032145C /* LaunchScreen.storyboard in Resources */,
				AFE6903E25C7DEE80032145C /* Assets.xcassets in Resources */,
				AFE6903C25C7DEE20032145C /* Main.storyboard in Resources */,
			);
			runOnlyForDeploymentPostprocessing = 0;
		};
/* End PBXResourcesBuildPhase section */

/* Begin PBXSourcesBuildPhase section */
		AFE6902D25C7DEE10032145C /* Sources */ = {
			isa = PBXSourcesBuildPhase;
			buildActionMask = 2147483647;
			files = (
				AFE6903925C7DEE20032145C /* ViewController.swift in Sources */,
				AFE6903525C7DEE20032145C /* AppDelegate.swift in Sources */,
				AFE6904A25C7EF5E0032145C /* SettingsTableViewCell.swift in Sources */,
				AFE6903725C7DEE20032145C /* SceneDelegate.swift in Sources */,
			);
			runOnlyForDeploymentPostprocessing = 0;
		};
/* End PBXSourcesBuildPhase section */

/* Begin PBXVariantGroup section */
		AFE6903A25C7DEE20032145C /* Main.storyboard */ = {
			isa = PBXVariantGroup;
			children = (
				AFE6903B25C7DEE20032145C /* Base */,
			);
			name = Main.storyboard;
			sourceTree = "<group>";
		};
		AFE6903F25C7DEE80032145C /* LaunchScreen.storyboard */ = {
			isa = PBXVariantGroup;
			children = (
				AFE6904025C7DEE80032145C /* Base */,
			);
			name = LaunchScreen.storyboard;
			sourceTree = "<group>";
		};
/* End PBXVariantGroup section */

/* Begin XCBuildConfiguration section */
		AFE6904325C7DEE80032145C /* Debug */ = {
			isa = XCBuildConfiguration;
			buildSettings = {
				ALWAYS_SEARCH_USER_PATHS = NO;
				CLANG_ANALYZER_NONNULL = YES;
				CLANG_ANALYZER_NUMBER_OBJECT_CONVERSION = YES_AGGRESSIVE;
				CLANG_CXX_LANGUAGE_STANDARD = "gnu++14";
				CLANG_CXX_LIBRARY = "libc++";
				CLANG_ENABLE_MODULES = YES;
				CLANG_ENABLE_OBJC_ARC = YES;
				CLANG_ENABLE_OBJC_WEAK = YES;
				CLANG_WARN_BLOCK_CAPTURE_AUTORELEASING = YES;
				CLANG_WARN_BOOL_CONVERSION = YES;
				CLANG_WARN_COMMA = YES;
				CLANG_WARN_CONSTANT_CONVERSION = YES;
				CLANG_WARN_DEPRECATED_OBJC_IMPLEMENTATIONS = YES;
				CLANG_WARN_DIRECT_OBJC_ISA_USAGE = YES_ERROR;
				CLANG_WARN_DOCUMENTATION_COMMENTS = YES;
				CLANG_WARN_EMPTY_BODY = YES;
				CLANG_WARN_ENUM_CONVERSION = YES;
				CLANG_WARN_INFINITE_RECURSION = YES;
				CLANG_WARN_INT_CONVERSION = YES;
				CLANG_WARN_NON_LITERAL_NULL_CONVERSION = YES;
				CLANG_WARN_OBJC_IMPLICIT_RETAIN_SELF = YES;
				CLANG_WARN_OBJC_LITERAL_CONVERSION = YES;
				CLANG_WARN_OBJC_ROOT_CLASS = YES_ERROR;
				CLANG_WARN_QUOTED_INCLUDE_IN_FRAMEWORK_HEADER = YES;
				CLANG_WARN_RANGE_LOOP_ANALYSIS = YES;
				CLANG_WARN_STRICT_PROTOTYPES = YES;
				CLANG_WARN_SUSPICIOUS_MOVE = YES;
				CLANG_WARN_UNGUARDED_AVAILABILITY = YES_AGGRESSIVE;
				CLANG_WARN_UNREACHABLE_CODE = YES;
				CLANG_WARN__DUPLICATE_METHOD_MATCH = YES;
				COPY_PHASE_STRIP = NO;
				DEBUG_INFORMATION_FORMAT = dwarf;
				ENABLE_STRICT_OBJC_MSGSEND = YES;
				ENABLE_TESTABILITY = YES;
				GCC_C_LANGUAGE_STANDARD = gnu11;
				GCC_DYNAMIC_NO_PIC = NO;
				GCC_NO_COMMON_BLOCKS = YES;
				GCC_OPTIMIZATION_LEVEL = 0;
				GCC_PREPROCESSOR_DEFINITIONS = (
					"DEBUG=1",
					"$(inherited)",
				);
				GCC_WARN_64_TO_32_BIT_CONVERSION = YES;
				GCC_WARN_ABOUT_RETURN_TYPE = YES_ERROR;
				GCC_WARN_UNDECLARED_SELECTOR = YES;
				GCC_WARN_UNINITIALIZED_AUTOS = YES_AGGRESSIVE;
				GCC_WARN_UNUSED_FUNCTION = YES;
				GCC_WARN_UNUSED_VARIABLE = YES;
				IPHONEOS_DEPLOYMENT_TARGET = 14.4;
				MTL_ENABLE_DEBUG_INFO = INCLUDE_SOURCE;
				MTL_FAST_MATH = YES;
				ONLY_ACTIVE_ARCH = YES;
				SDKROOT = iphoneos;
				SWIFT_ACTIVE_COMPILATION_CONDITIONS = DEBUG;
				SWIFT_OPTIMIZATION_LEVEL = "-Onone";
			};
			name = Debug;
		};
		AFE6904425C7DEE80032145C /* Release */ = {
			isa = XCBuildConfiguration;
			buildSettings = {
				ALWAYS_SEARCH_USER_PATHS = NO;
				CLANG_ANALYZER_NONNULL = YES;
				CLANG_ANALYZER_NUMBER_OBJECT_CONVERSION = YES_AGGRESSIVE;
				CLANG_CXX_LANGUAGE_STANDARD = "gnu++14";
				CLANG_CXX_LIBRARY = "libc++";
				CLANG_ENABLE_MODULES = YES;
				CLANG_ENABLE_OBJC_ARC = YES;
				CLANG_ENABLE_OBJC_WEAK = YES;
				CLANG_WARN_BLOCK_CAPTURE_AUTORELEASING = YES;
				CLANG_WARN_BOOL_CONVERSION = YES;
				CLANG_WARN_COMMA = YES;
				CLANG_WARN_CONSTANT_CONVERSION = YES;
				CLANG_WARN_DEPRECATED_OBJC_IMPLEMENTATIONS = YES;
				CLANG_WARN_DIRECT_OBJC_ISA_USAGE = YES_ERROR;
				CLANG_WARN_DOCUMENTATION_COMMENTS = YES;
				CLANG_WARN_EMPTY_BODY = YES;
				CLANG_WARN_ENUM_CONVERSION = YES;
				CLANG_WARN_INFINITE_RECURSION = YES;
				CLANG_WARN_INT_CONVERSION = YES;
				CLANG_WARN_NON_LITERAL_NULL_CONVERSION = YES;
				CLANG_WARN_OBJC_IMPLICIT_RETAIN_SELF = YES;
				CLANG_WARN_OBJC_LITERAL_CONVERSION = YES;
				CLANG_WARN_OBJC_ROOT_CLASS = YES_ERROR;
				CLANG_WARN_QUOTED_INCLUDE_IN_FRAMEWORK_HEADER = YES;
				CLANG_WARN_RANGE_LOOP_ANALYSIS = YES;
				CLANG_WARN_STRICT_PROTOTYPES = YES;
				CLANG_WARN_SUSPICIOUS_MOVE = YES;
				CLANG_WARN_UNGUARDED_AVAILABILITY = YES_AGGRESSIVE;
				CLANG_WARN_UNREACHABLE_CODE = YES;
				CLANG_WARN__DUPLICATE_METHOD_MATCH = YES;
				COPY_PHASE_STRIP = NO;
				DEBUG_INFORMATION_FORMAT = "dwarf-with-dsym";
				ENABLE_NS_ASSERTIONS = NO;
				ENABLE_STRICT_OBJC_MSGSEND = YES;
				GCC_C_LANGUAGE_STANDARD = gnu11;
				GCC_NO_COMMON_BLOCKS = YES;
				GCC_WARN_64_TO_32_BIT_CONVERSION = YES;
				GCC_WARN_ABOUT_RETURN_TYPE = YES_ERROR;
				GCC_WARN_UNDECLARED_SELECTOR = YES;
				GCC_WARN_UNINITIALIZED_AUTOS = YES_AGGRESSIVE;
				GCC_WARN_UNUSED_FUNCTION = YES;
				GCC_WARN_UNUSED_VARIABLE = YES;
				IPHONEOS_DEPLOYMENT_TARGET = 14.4;
				MTL_ENABLE_DEBUG_INFO = NO;
				MTL_FAST_MATH = YES;
				SDKROOT = iphoneos;
				SWIFT_COMPILATION_MODE = wholemodule;
				SWIFT_OPTIMIZATION_LEVEL = "-O";
				VALIDATE_PRODUCT = YES;
			};
			name = Release;
		};
		AFE6904625C7DEE80032145C /* Debug */ = {
			isa = XCBuildConfiguration;
			buildSettings = {
				ASSETCATALOG_COMPILER_APPICON_NAME = AppIcon;
				ASSETCATALOG_COMPILER_GLOBAL_ACCENT_COLOR_NAME = AccentColor;
				CODE_SIGN_STYLE = Automatic;
				DEVELOPMENT_TEAM = 9C8KC56C92;
				INFOPLIST_FILE = SettingsApp/Info.plist;
				LD_RUNPATH_SEARCH_PATHS = (
					"$(inherited)",
					"@executable_path/Frameworks",
				);
				PRODUCT_BUNDLE_IDENTIFIER = com.davronarifzhanov.SettingsApp;
				PRODUCT_NAME = "$(TARGET_NAME)";
				SWIFT_VERSION = 5.0;
				TARGETED_DEVICE_FAMILY = "1,2";
			};
			name = Debug;
		};
		AFE6904725C7DEE80032145C /* Release */ = {
			isa = XCBuildConfiguration;
			buildSettings = {
				ASSETCATALOG_COMPILER_APPICON_NAME = AppIcon;
				ASSETCATALOG_COMPILER_GLOBAL_ACCENT_COLOR_NAME = AccentColor;
				CODE_SIGN_STYLE = Automatic;
				DEVELOPMENT_TEAM = 9C8KC56C92;
				INFOPLIST_FILE = SettingsApp/Info.plist;
				LD_RUNPATH_SEARCH_PATHS = (
					"$(inherited)",
					"@executable_path/Frameworks",
				);
				PRODUCT_BUNDLE_IDENTIFIER = com.davronarifzhanov.SettingsApp;
				PRODUCT_NAME = "$(TARGET_NAME)";
				SWIFT_VERSION = 5.0;
				TARGETED_DEVICE_FAMILY = "1,2";
			};
			name = Release;
		};
/* End XCBuildConfiguration section */

/* Begin XCConfigurationList section */
		AFE6902C25C7DEE10032145C /* Build configuration list for PBXProject "SettingsApp" */ = {
			isa = XCConfigurationList;
			buildConfigurations = (
				AFE6904325C7DEE80032145C /* Debug */,
				AFE6904425C7DEE80032145C /* Release */,
			);
			defaultConfigurationIsVisible = 0;
			defaultConfigurationName = Release;
		};
		AFE6904525C7DEE80032145C /* Build configuration list for PBXNativeTarget "SettingsApp" */ = {
			isa = XCConfigurationList;
			buildConfigurations = (
				AFE6904625C7DEE80032145C /* Debug */,
				AFE6904725C7DEE80032145C /* Release */,
			);
			defaultConfigurationIsVisible = 0;
			defaultConfigurationName = Release;
		};
/* End XCConfigurationList section */
	};
	rootObject = AFE6902925C7DEE10032145C /* Project object */;
}
